
Microsoft Visual Studio Solution File, Format Version 12.00
# Visual Studio Version 17
VisualStudioVersion = 17.5.002.0
MinimumVisualStudioVersion = 10.0.40219.1
Project("{9A19103F-16F7-4668-BE54-9A1E7A4F7556}") = "Shorthand.Windows", "windows\Shorthand.Windows.csproj", "{05475F0E-4CEE-4917-9F19-95D8FA79F2F3}"
EndProject
Global
	GlobalSection(SolutionConfigurationPlatforms) = preSolution
		Debug|Any CPU = Debug|Any CPU
		Release|Any CPU = Release|Any CPU
	EndGlobalSection
	GlobalSection(ProjectConfigurationPlatforms) = postSolution
		{05475F0E-4CEE-4917-9F19-95D8FA79F2F3}.Debug|Any CPU.ActiveCfg = Debug|Any CPU
		{05475F0E-4CEE-4917-9F19-95D8FA79F2F3}.Debug|Any CPU.Build.0 = Debug|Any CPU
		{05475F0E-4CEE-4917-9F19-95D8FA79F2F3}.Release|Any CPU.ActiveCfg = Release|Any CPU
		{05475F0E-4CEE-4917-9F19-95D8FA79F2F3}.Release|Any CPU.Build.0 = Release|Any CPU
	EndGlobalSection
	GlobalSection(SolutionProperties) = preSolution
		HideSolutionNode = FALSE
	EndGlobalSection
	GlobalSection(ExtensibilityGlobals) = postSolution
		SolutionGuid = {82BF54AA-99B6-4E4D-AF73-633CC5A1F453}
	EndGlobalSection
EndGlobal
